// !$*UTF8*$!
{
	archiveVersion = 1;
	classes = {
	};
	objectVersion = 46;
	objects = {

/* Begin PBXBuildFile section */
		F7DE18721BE250FE00C9B129 /* AppDelegate.swift in Sources */ = {isa = PBXBuildFile; fileRef = F7DE18711BE250FE00C9B129 /* AppDelegate.swift */; };
		F7DE18741BE250FE00C9B129 /* ViewController.swift in Sources */ = {isa = PBXBuildFile; fileRef = F7DE18731BE250FE00C9B129 /* ViewController.swift */; };
		F7DE18771BE250FE00C9B129 /* Main.storyboard in Resources */ = {isa = PBXBuildFile; fileRef = F7DE18751BE250FE00C9B129 /* Main.storyboard */; };
		F7DE18791BE250FE00C9B129 /* Assets.xcassets in Resources */ = {isa = PBXBuildFile; fileRef = F7DE18781BE250FE00C9B129 /* Assets.xcassets */; };
		F7DE187C1BE250FE00C9B129 /* LaunchScreen.storyboard in Resources */ = {isa = PBXBuildFile; fileRef = F7DE187A1BE250FE00C9B129 /* LaunchScreen.storyboard */; };
		F7DE18871BE250FE00C9B129 /* YahtzeeTests.swift in Sources */ = {isa = PBXBuildFile; fileRef = F7DE18861BE250FE00C9B129 /* YahtzeeTests.swift */; };
		F7DE18921BE250FE00C9B129 /* YahtzeeUITests.swift in Sources */ = {isa = PBXBuildFile; fileRef = F7DE18911BE250FE00C9B129 /* YahtzeeUITests.swift */; };
		F7DE18A81BE2DFB500C9B129 /* dice.wav in Resources */ = {isa = PBXBuildFile; fileRef = F7DE18A61BE2DFB500C9B129 /* dice.wav */; };
		F7DE18A91BE2DFB500C9B129 /* rollTheDice.jpg in Resources */ = {isa = PBXBuildFile; fileRef = F7DE18A71BE2DFB500C9B129 /* rollTheDice.jpg */; };
		F7E97A811BE38C270057CB6D /* die1.png in Resources */ = {isa = PBXBuildFile; fileRef = F7E97A781BE38C270057CB6D /* die1.png */; };
		F7E97A821BE38C270057CB6D /* die2.png in Resources */ = {isa = PBXBuildFile; fileRef = F7E97A791BE38C270057CB6D /* die2.png */; };
		F7E97A831BE38C270057CB6D /* die3.png in Resources */ = {isa = PBXBuildFile; fileRef = F7E97A7A1BE38C270057CB6D /* die3.png */; };
		F7E97A841BE38C270057CB6D /* die4.png in Resources */ = {isa = PBXBuildFile; fileRef = F7E97A7B1BE38C270057CB6D /* die4.png */; };
		F7E97A851BE38C270057CB6D /* die5.png in Resources */ = {isa = PBXBuildFile; fileRef = F7E97A7C1BE38C270057CB6D /* die5.png */; };
		F7E97A861BE38C270057CB6D /* die6.png in Resources */ = {isa = PBXBuildFile; fileRef = F7E97A7D1BE38C270057CB6D /* die6.png */; };
		F7E97A871BE38C270057CB6D /* locked.jpg in Resources */ = {isa = PBXBuildFile; fileRef = F7E97A7E1BE38C270057CB6D /* locked.jpg */; };
		F7E97A881BE38C270057CB6D /* reset.png in Resources */ = {isa = PBXBuildFile; fileRef = F7E97A7F1BE38C270057CB6D /* reset.png */; };
		F7E97A891BE38C270057CB6D /* unlocked.jpg in Resources */ = {isa = PBXBuildFile; fileRef = F7E97A801BE38C270057CB6D /* unlocked.jpg */; };
		F7E97A8C1BE39C670057CB6D /* lock.wav in Resources */ = {isa = PBXBuildFile; fileRef = F7E97A8A1BE39C670057CB6D /* lock.wav */; };
		F7E97A8D1BE39C670057CB6D /* unlock.wav in Resources */ = {isa = PBXBuildFile; fileRef = F7E97A8B1BE39C670057CB6D /* unlock.wav */; };
/* End PBXBuildFile section */

/* Begin PBXContainerItemProxy section */
		F7DE18831BE250FE00C9B129 /* PBXContainerItemProxy */ = {
			isa = PBXContainerItemProxy;
			containerPortal = F7DE18661BE250FE00C9B129 /* Project object */;
			proxyType = 1;
			remoteGlobalIDString = F7DE186D1BE250FE00C9B129;
			remoteInfo = Yahtzee;
		};
		F7DE188E1BE250FE00C9B129 /* PBXContainerItemProxy */ = {
			isa = PBXContainerItemProxy;
			containerPortal = F7DE18661BE250FE00C9B129 /* Project object */;
			proxyType = 1;
			remoteGlobalIDString = F7DE186D1BE250FE00C9B129;
			remoteInfo = Yahtzee;
		};
/* End PBXContainerItemProxy section */

/* Begin PBXFileReference section */
		F7DE186E1BE250FE00C9B129 /* Yahtzee.app */ = {isa = PBXFileReference; explicitFileType = wrapper.application; includeInIndex = 0; path = Yahtzee.app; sourceTree = BUILT_PRODUCTS_DIR; };
		F7DE18711BE250FE00C9B129 /* AppDelegate.swift */ = {isa = PBXFileReference; lastKnownFileType = sourcecode.swift; path = AppDelegate.swift; sourceTree = "<group>"; };
		F7DE18731BE250FE00C9B129 /* ViewController.swift */ = {isa = PBXFileReference; lastKnownFileType = sourcecode.swift; path = ViewController.swift; sourceTree = "<group>"; };
		F7DE18761BE250FE00C9B129 /* Base */ = {isa = PBXFileReference; lastKnownFileType = file.storyboard; name = Base; path = Base.lproj/Main.storyboard; sourceTree = "<group>"; };
		F7DE18781BE250FE00C9B129 /* Assets.xcassets */ = {isa = PBXFileReference; lastKnownFileType = folder.assetcatalog; path = Assets.xcassets; sourceTree = "<group>"; };
		F7DE187B1BE250FE00C9B129 /* Base */ = {isa = PBXFileReference; lastKnownFileType = file.storyboard; name = Base; path = Base.lproj/LaunchScreen.storyboard; sourceTree = "<group>"; };
		F7DE187D1BE250FE00C9B129 /* Info.plist */ = {isa = PBXFileReference; lastKnownFileType = text.plist.xml; path = Info.plist; sourceTree = "<group>"; };
		F7DE18821BE250FE00C9B129 /* YahtzeeTests.xctest */ = {isa = PBXFileReference; explicitFileType = wrapper.cfbundle; includeInIndex = 0; path = YahtzeeTests.xctest; sourceTree = BUILT_PRODUCTS_DIR; };
		F7DE18861BE250FE00C9B129 /* YahtzeeTests.swift */ = {isa = PBXFileReference; lastKnownFileType = sourcecode.swift; path = YahtzeeTests.swift; sourceTree = "<group>"; };
		F7DE18881BE250FE00C9B129 /* Info.plist */ = {isa = PBXFileReference; lastKnownFileType = text.plist.xml; path = Info.plist; sourceTree = "<group>"; };
		F7DE188D1BE250FE00C9B129 /* YahtzeeUITests.xctest */ = {isa = PBXFileReference; explicitFileType = wrapper.cfbundle; includeInIndex = 0; path = YahtzeeUITests.xctest; sourceTree = BUILT_PRODUCTS_DIR; };
		F7DE18911BE250FE00C9B129 /* YahtzeeUITests.swift */ = {isa = PBXFileReference; lastKnownFileType = sourcecode.swift; path = YahtzeeUITests.swift; sourceTree = "<group>"; };
		F7DE18931BE250FE00C9B129 /* Info.plist */ = {isa = PBXFileReference; lastKnownFileType = text.plist.xml; path = Info.plist; sourceTree = "<group>"; };
		F7DE18A61BE2DFB500C9B129 /* dice.wav */ = {isa = PBXFileReference; lastKnownFileType = audio.wav; name = dice.wav; path = Media/dice.wav; sourceTree = "<group>"; };
		F7DE18A71BE2DFB500C9B129 /* rollTheDice.jpg */ = {isa = PBXFileReference; lastKnownFileType = image.jpeg; name = rollTheDice.jpg; path = Media/rollTheDice.jpg; sourceTree = "<group>"; };
		F7E97A781BE38C270057CB6D /* die1.png */ = {isa = PBXFileReference; lastKnownFileType = image.png; name = die1.png; path = Media/die1.png; sourceTree = "<group>"; };
		F7E97A791BE38C270057CB6D /* die2.png */ = {isa = PBXFileReference; lastKnownFileType = image.png; name = die2.png; path = Media/die2.png; sourceTree = "<group>"; };
		F7E97A7A1BE38C270057CB6D /* die3.png */ = {isa = PBXFileReference; lastKnownFileType = image.png; name = die3.png; path = Media/die3.png; sourceTree = "<group>"; };
		F7E97A7B1BE38C270057CB6D /* die4.png */ = {isa = PBXFileReference; lastKnownFileType = image.png; name = die4.png; path = Media/die4.png; sourceTree = "<group>"; };
		F7E97A7C1BE38C270057CB6D /* die5.png */ = {isa = PBXFileReference; lastKnownFileType = image.png; name = die5.png; path = Media/die5.png; sourceTree = "<group>"; };
		F7E97A7D1BE38C270057CB6D /* die6.png */ = {isa = PBXFileReference; lastKnownFileType = image.png; name = die6.png; path = Media/die6.png; sourceTree = "<group>"; };
		F7E97A7E1BE38C270057CB6D /* locked.jpg */ = {isa = PBXFileReference; lastKnownFileType = image.jpeg; name = locked.jpg; path = Media/locked.jpg; sourceTree = "<group>"; };
		F7E97A7F1BE38C270057CB6D /* reset.png */ = {isa = PBXFileReference; lastKnownFileType = image.png; name = reset.png; path = Media/reset.png; sourceTree = "<group>"; };
		F7E97A801BE38C270057CB6D /* unlocked.jpg */ = {isa = PBXFileReference; lastKnownFileType = image.jpeg; name = unlocked.jpg; path = Media/unlocked.jpg; sourceTree = "<group>"; };
		F7E97A8A1BE39C670057CB6D /* lock.wav */ = {isa = PBXFileReference; lastKnownFileType = audio.wav; name = lock.wav; path = Media/lock.wav; sourceTree = "<group>"; };
		F7E97A8B1BE39C670057CB6D /* unlock.wav */ = {isa = PBXFileReference; lastKnownFileType = audio.wav; name = unlock.wav; path = Media/unlock.wav; sourceTree = "<group>"; };
/* End PBXFileReference section */

/* Begin PBXFrameworksBuildPhase section */
		F7DE186B1BE250FE00C9B129 /* Frameworks */ = {
			isa = PBXFrameworksBuildPhase;
			buildActionMask = 2147483647;
			files = (
			);
			runOnlyForDeploymentPostprocessing = 0;
		};
		F7DE187F1BE250FE00C9B129 /* Frameworks */ = {
			isa = PBXFrameworksBuildPhase;
			buildActionMask = 2147483647;
			files = (
			);
			runOnlyForDeploymentPostprocessing = 0;
		};
		F7DE188A1BE250FE00C9B129 /* Frameworks */ = {
			isa = PBXFrameworksBuildPhase;
			buildActionMask = 2147483647;
			files = (
			);
			runOnlyForDeploymentPostprocessing = 0;
		};
/* End PBXFrameworksBuildPhase section */

/* Begin PBXGroup section */
		F7DE18651BE250FE00C9B129 = {
			isa = PBXGroup;
			children = (
				F7DE18701BE250FE00C9B129 /* Yahtzee */,
				F7DE18851BE250FE00C9B129 /* YahtzeeTests */,
				F7DE18901BE250FE00C9B129 /* YahtzeeUITests */,
				F7DE186F1BE250FE00C9B129 /* Products */,
				F7DE18A31BE29F4E00C9B129 /* Sounds */,
			);
			sourceTree = "<group>";
		};
		F7DE186F1BE250FE00C9B129 /* Products */ = {
			isa = PBXGroup;
			children = (
				F7DE186E1BE250FE00C9B129 /* Yahtzee.app */,
				F7DE18821BE250FE00C9B129 /* YahtzeeTests.xctest */,
				F7DE188D1BE250FE00C9B129 /* YahtzeeUITests.xctest */,
			);
			name = Products;
			sourceTree = "<group>";
		};
		F7DE18701BE250FE00C9B129 /* Yahtzee */ = {
			isa = PBXGroup;
			children = (
				F7DE18711BE250FE00C9B129 /* AppDelegate.swift */,
				F7DE18731BE250FE00C9B129 /* ViewController.swift */,
				F7DE18751BE250FE00C9B129 /* Main.storyboard */,
				F7DE18781BE250FE00C9B129 /* Assets.xcassets */,
				F7DE187A1BE250FE00C9B129 /* LaunchScreen.storyboard */,
				F7DE187D1BE250FE00C9B129 /* Info.plist */,
			);
			path = Yahtzee;
			sourceTree = "<group>";
		};
		F7DE18851BE250FE00C9B129 /* YahtzeeTests */ = {
			isa = PBXGroup;
			children = (
				F7DE18861BE250FE00C9B129 /* YahtzeeTests.swift */,
				F7DE18881BE250FE00C9B129 /* Info.plist */,
			);
			path = YahtzeeTests;
			sourceTree = "<group>";
		};
		F7DE18901BE250FE00C9B129 /* YahtzeeUITests */ = {
			isa = PBXGroup;
			children = (
				F7DE18911BE250FE00C9B129 /* YahtzeeUITests.swift */,
				F7DE18931BE250FE00C9B129 /* Info.plist */,
			);
			path = YahtzeeUITests;
			sourceTree = "<group>";
		};
		F7DE18A31BE29F4E00C9B129 /* Sounds */ = {
			isa = PBXGroup;
			children = (
				F7DE18A61BE2DFB500C9B129 /* dice.wav */,
				F7DE18A71BE2DFB500C9B129 /* rollTheDice.jpg */,
				F7E97A781BE38C270057CB6D /* die1.png */,
				F7E97A791BE38C270057CB6D /* die2.png */,
				F7E97A7A1BE38C270057CB6D /* die3.png */,
				F7E97A7B1BE38C270057CB6D /* die4.png */,
				F7E97A7C1BE38C270057CB6D /* die5.png */,
				F7E97A7D1BE38C270057CB6D /* die6.png */,
				F7E97A7E1BE38C270057CB6D /* locked.jpg */,
				F7E97A7F1BE38C270057CB6D /* reset.png */,
				F7E97A801BE38C270057CB6D /* unlocked.jpg */,
				F7E97A8A1BE39C670057CB6D /* lock.wav */,
				F7E97A8B1BE39C670057CB6D /* unlock.wav */,
			);
			name = Sounds;
			sourceTree = "<group>";
		};
/* End PBXGroup section */

/* Begin PBXNativeTarget section */
		F7DE186D1BE250FE00C9B129 /* Yahtzee */ = {
			isa = PBXNativeTarget;
			buildConfigurationList = F7DE18961BE250FE00C9B129 /* Build configuration list for PBXNativeTarget "Yahtzee" */;
			buildPhases = (
				F7DE186A1BE250FE00C9B129 /* Sources */,
				F7DE186B1BE250FE00C9B129 /* Frameworks */,
				F7DE186C1BE250FE00C9B129 /* Resources */,
			);
			buildRules = (
			);
			dependencies = (
			);
			name = Yahtzee;
			productName = Yahtzee;
			productReference = F7DE186E1BE250FE00C9B129 /* Yahtzee.app */;
			productType = "com.apple.product-type.application";
		};
		F7DE18811BE250FE00C9B129 /* YahtzeeTests */ = {
			isa = PBXNativeTarget;
			buildConfigurationList = F7DE18991BE250FE00C9B129 /* Build configuration list for PBXNativeTarget "YahtzeeTests" */;
			buildPhases = (
				F7DE187E1BE250FE00C9B129 /* Sources */,
				F7DE187F1BE250FE00C9B129 /* Frameworks */,
				F7DE18801BE250FE00C9B129 /* Resources */,
			);
			buildRules = (
			);
			dependencies = (
				F7DE18841BE250FE00C9B129 /* PBXTargetDependency */,
			);
			name = YahtzeeTests;
			productName = YahtzeeTests;
			productReference = F7DE18821BE250FE00C9B129 /* YahtzeeTests.xctest */;
			productType = "com.apple.product-type.bundle.unit-test";
		};
		F7DE188C1BE250FE00C9B129 /* YahtzeeUITests */ = {
			isa = PBXNativeTarget;
			buildConfigurationList = F7DE189C1BE250FE00C9B129 /* Build configuration list for PBXNativeTarget "YahtzeeUITests" */;
			buildPhases = (
				F7DE18891BE250FE00C9B129 /* Sources */,
				F7DE188A1BE250FE00C9B129 /* Frameworks */,
				F7DE188B1BE250FE00C9B129 /* Resources */,
			);
			buildRules = (
			);
			dependencies = (
				F7DE188F1BE250FE00C9B129 /* PBXTargetDependency */,
			);
			name = YahtzeeUITests;
			productName = YahtzeeUITests;
			productReference = F7DE188D1BE250FE00C9B129 /* YahtzeeUITests.xctest */;
			productType = "com.apple.product-type.bundle.ui-testing";
		};
/* End PBXNativeTarget section */

/* Begin PBXProject section */
		F7DE18661BE250FE00C9B129 /* Project object */ = {
			isa = PBXProject;
			attributes = {
				LastSwiftUpdateCheck = 0710;
				LastUpgradeCheck = 0710;
				ORGANIZATIONNAME = "Philip Bouman";
				TargetAttributes = {
					F7DE186D1BE250FE00C9B129 = {
						CreatedOnToolsVersion = 7.1;
						DevelopmentTeam = U7S6KCZHY6;
					};
					F7DE18811BE250FE00C9B129 = {
						CreatedOnToolsVersion = 7.1;
						DevelopmentTeam = U7S6KCZHY6;
						TestTargetID = F7DE186D1BE250FE00C9B129;
					};
					F7DE188C1BE250FE00C9B129 = {
						CreatedOnToolsVersion = 7.1;
						DevelopmentTeam = U7S6KCZHY6;
						TestTargetID = F7DE186D1BE250FE00C9B129;
					};
				};
			};
			buildConfigurationList = F7DE18691BE250FE00C9B129 /* Build configuration list for PBXProject "Yahtzee" */;
			compatibilityVersion = "Xcode 3.2";
			developmentRegion = English;
			hasScannedForEncodings = 0;
			knownRegions = (
				en,
				Base,
			);
			mainGroup = F7DE18651BE250FE00C9B129;
			productRefGroup = F7DE186F1BE250FE00C9B129 /* Products */;
			projectDirPath = "";
			projectRoot = "";
			targets = (
				F7DE186D1BE250FE00C9B129 /* Yahtzee */,
				F7DE18811BE250FE00C9B129 /* YahtzeeTests */,
				F7DE188C1BE250FE00C9B129 /* YahtzeeUITests */,
			);
		};
/* End PBXProject section */

/* Begin PBXResourcesBuildPhase section */
		F7DE186C1BE250FE00C9B129 /* Resources */ = {
			isa = PBXResourcesBuildPhase;
			buildActionMask = 2147483647;
			files = (
				F7E97A8C1BE39C670057CB6D /* lock.wav in Resources */,
				F7E97A831BE38C270057CB6D /* die3.png in Resources */,
				F7E97A8D1BE39C670057CB6D /* unlock.wav in Resources */,
				F7DE187C1BE250FE00C9B129 /* LaunchScreen.storyboard in Resources */,
				F7E97A881BE38C270057CB6D /* reset.png in Resources */,
				F7E97A841BE38C270057CB6D /* die4.png in Resources */,
				F7DE18A91BE2DFB500C9B129 /* rollTheDice.jpg in Resources */,
				F7E97A811BE38C270057CB6D /* die1.png in Resources */,
				F7DE18A81BE2DFB500C9B129 /* dice.wav in Resources */,
				F7E97A851BE38C270057CB6D /* die5.png in Resources */,
				F7DE18791BE250FE00C9B129 /* Assets.xcassets in Resources */,
				F7DE18771BE250FE00C9B129 /* Main.storyboard in Resources */,
				F7E97A891BE38C270057CB6D /* unlocked.jpg in Resources */,
				F7E97A821BE38C270057CB6D /* die2.png in Resources */,
				F7E97A861BE38C270057CB6D /* die6.png in Resources */,
				F7E97A871BE38C270057CB6D /* locked.jpg in Resources */,
			);
			runOnlyForDeploymentPostprocessing = 0;
		};
		F7DE18801BE250FE00C9B129 /* Resources */ = {
			isa = PBXResourcesBuildPhase;
			buildActionMask = 2147483647;
			files = (
			);
			runOnlyForDeploymentPostprocessing = 0;
		};
		F7DE188B1BE250FE00C9B129 /* Resources */ = {
			isa = PBXResourcesBuildPhase;
			buildActionMask = 2147483647;
			files = (
			);
			runOnlyForDeploymentPostprocessing = 0;
		};
/* End PBXResourcesBuildPhase section */

/* Begin PBXSourcesBuildPhase section */
		F7DE186A1BE250FE00C9B129 /* Sources */ = {
			isa = PBXSourcesBuildPhase;
			buildActionMask = 2147483647;
			files = (
				F7DE18741BE250FE00C9B129 /* ViewController.swift in Sources */,
				F7DE18721BE250FE00C9B129 /* AppDelegate.swift in Sources */,
			);
			runOnlyForDeploymentPostprocessing = 0;
		};
		F7DE187E1BE250FE00C9B129 /* Sources */ = {
			isa = PBXSourcesBuildPhase;
			buildActionMask = 2147483647;
			files = (
				F7DE18871BE250FE00C9B129 /* YahtzeeTests.swift in Sources */,
			);
			runOnlyForDeploymentPostprocessing = 0;
		};
		F7DE18891BE250FE00C9B129 /* Sources */ = {
			isa = PBXSourcesBuildPhase;
			buildActionMask = 2147483647;
			files = (
				F7DE18921BE250FE00C9B129 /* YahtzeeUITests.swift in Sources */,
			);
			runOnlyForDeploymentPostprocessing = 0;
		};
/* End PBXSourcesBuildPhase section */

/* Begin PBXTargetDependency section */
		F7DE18841BE250FE00C9B129 /* PBXTargetDependency */ = {
			isa = PBXTargetDependency;
			target = F7DE186D1BE250FE00C9B129 /* Yahtzee */;
			targetProxy = F7DE18831BE250FE00C9B129 /* PBXContainerItemProxy */;
		};
		F7DE188F1BE250FE00C9B129 /* PBXTargetDependency */ = {
			isa = PBXTargetDependency;
			target = F7DE186D1BE250FE00C9B129 /* Yahtzee */;
			targetProxy = F7DE188E1BE250FE00C9B129 /* PBXContainerItemProxy */;
		};
/* End PBXTargetDependency section */

/* Begin PBXVariantGroup section */
		F7DE18751BE250FE00C9B129 /* Main.storyboard */ = {
			isa = PBXVariantGroup;
			children = (
				F7DE18761BE250FE00C9B129 /* Base */,
			);
			name = Main.storyboard;
			sourceTree = "<group>";
		};
		F7DE187A1BE250FE00C9B129 /* LaunchScreen.storyboard */ = {
			isa = PBXVariantGroup;
			children = (
				F7DE187B1BE250FE00C9B129 /* Base */,
			);
			name = LaunchScreen.storyboard;
			sourceTree = "<group>";
		};
/* End PBXVariantGroup section */

/* Begin XCBuildConfiguration section */
		F7DE18941BE250FE00C9B129 /* Debug */ = {
			isa = XCBuildConfiguration;
			buildSettings = {
				ALWAYS_SEARCH_USER_PATHS = NO;
				CLANG_CXX_LANGUAGE_STANDARD = "gnu++0x";
				CLANG_CXX_LIBRARY = "libc++";
				CLANG_ENABLE_MODULES = YES;
				CLANG_ENABLE_OBJC_ARC = YES;
				CLANG_WARN_BOOL_CONVERSION = YES;
				CLANG_WARN_CONSTANT_CONVERSION = YES;
				CLANG_WARN_DIRECT_OBJC_ISA_USAGE = YES_ERROR;
				CLANG_WARN_EMPTY_BODY = YES;
				CLANG_WARN_ENUM_CONVERSION = YES;
				CLANG_WARN_INT_CONVERSION = YES;
				CLANG_WARN_OBJC_ROOT_CLASS = YES_ERROR;
				CLANG_WARN_UNREACHABLE_CODE = YES;
				CLANG_WARN__DUPLICATE_METHOD_MATCH = YES;
				"CODE_SIGN_IDENTITY[sdk=iphoneos*]" = "iPhone Developer";
				COPY_PHASE_STRIP = NO;
				DEBUG_INFORMATION_FORMAT = dwarf;
				ENABLE_STRICT_OBJC_MSGSEND = YES;
				ENABLE_TESTABILITY = YES;
				GCC_C_LANGUAGE_STANDARD = gnu99;
				GCC_DYNAMIC_NO_PIC = NO;
				GCC_NO_COMMON_BLOCKS = YES;
				GCC_OPTIMIZATION_LEVEL = 0;
				GCC_PREPROCESSOR_DEFINITIONS = (
					"DEBUG=1",
					"$(inherited)",
				);
				GCC_WARN_64_TO_32_BIT_CONVERSION = YES;
				GCC_WARN_ABOUT_RETURN_TYPE = YES_ERROR;
				GCC_WARN_UNDECLARED_SELECTOR = YES;
				GCC_WARN_UNINITIALIZED_AUTOS = YES_AGGRESSIVE;
				GCC_WARN_UNUSED_FUNCTION = YES;
				GCC_WARN_UNUSED_VARIABLE = YES;
				IPHONEOS_DEPLOYMENT_TARGET = 9.1;
				MTL_ENABLE_DEBUG_INFO = YES;
				ONLY_ACTIVE_ARCH = YES;
				SDKROOT = iphoneos;
				SWIFT_OPTIMIZATION_LEVEL = "-Onone";
				TARGETED_DEVICE_FAMILY = "1,2";
			};
			name = Debug;
		};
		F7DE18951BE250FE00C9B129 /* Release */ = {
			isa = XCBuildConfiguration;
			buildSettings = {
				ALWAYS_SEARCH_USER_PATHS = NO;
				CLANG_CXX_LANGUAGE_STANDARD = "gnu++0x";
				CLANG_CXX_LIBRARY = "libc++";
				CLANG_ENABLE_MODULES = YES;
				CLANG_ENABLE_OBJC_ARC = YES;
				CLANG_WARN_BOOL_CONVERSION = YES;
				CLANG_WARN_CONSTANT_CONVERSION = YES;
				CLANG_WARN_DIRECT_OBJC_ISA_USAGE = YES_ERROR;
				CLANG_WARN_EMPTY_BODY = YES;
				CLANG_WARN_ENUM_CONVERSION = YES;
				CLANG_WARN_INT_CONVERSION = YES;
				CLANG_WARN_OBJC_ROOT_CLASS = YES_ERROR;
				CLANG_WARN_UNREACHABLE_CODE = YES;
				CLANG_WARN__DUPLICATE_METHOD_MATCH = YES;
				"CODE_SIGN_IDENTITY[sdk=iphoneos*]" = "iPhone Developer";
				COPY_PHASE_STRIP = NO;
				DEBUG_INFORMATION_FORMAT = "dwarf-with-dsym";
				ENABLE_NS_ASSERTIONS = NO;
				ENABLE_STRICT_OBJC_MSGSEND = YES;
				GCC_C_LANGUAGE_STANDARD = gnu99;
				GCC_NO_COMMON_BLOCKS = YES;
				GCC_WARN_64_TO_32_BIT_CONVERSION = YES;
				GCC_WARN_ABOUT_RETURN_TYPE = YES_ERROR;
				GCC_WARN_UNDECLARED_SELECTOR = YES;
				GCC_WARN_UNINITIALIZED_AUTOS = YES_AGGRESSIVE;
				GCC_WARN_UNUSED_FUNCTION = YES;
				GCC_WARN_UNUSED_VARIABLE = YES;
				IPHONEOS_DEPLOYMENT_TARGET = 9.1;
				MTL_ENABLE_DEBUG_INFO = NO;
				SDKROOT = iphoneos;
				TARGETED_DEVICE_FAMILY = "1,2";
				VALIDATE_PRODUCT = YES;
			};
			name = Release;
		};
		F7DE18971BE250FE00C9B129 /* Debug */ = {
			isa = XCBuildConfiguration;
			buildSettings = {
				ASSETCATALOG_COMPILER_APPICON_NAME = AppIcon;
				INFOPLIST_FILE = Yahtzee/Info.plist;
				LD_RUNPATH_SEARCH_PATHS = "$(inherited) @executable_path/Frameworks";
				PRODUCT_BUNDLE_IDENTIFIER = nl.mprog.Yahtzee;
				PRODUCT_NAME = "$(TARGET_NAME)";
			};
			name = Debug;
		};
		F7DE18981BE250FE00C9B129 /* Release */ = {
			isa = XCBuildConfiguration;
			buildSettings = {
				ASSETCATALOG_COMPILER_APPICON_NAME = AppIcon;
				INFOPLIST_FILE = Yahtzee/Info.plist;
				LD_RUNPATH_SEARCH_PATHS = "$(inherited) @executable_path/Frameworks";
				PRODUCT_BUNDLE_IDENTIFIER = nl.mprog.Yahtzee;
				PRODUCT_NAME = "$(TARGET_NAME)";
			};
			name = Release;
		};
		F7DE189A1BE250FE00C9B129 /* Debug */ = {
			isa = XCBuildConfiguration;
			buildSettings = {
				BUNDLE_LOADER = "$(TEST_HOST)";
				INFOPLIST_FILE = YahtzeeTests/Info.plist;
				LD_RUNPATH_SEARCH_PATHS = "$(inherited) @executable_path/Frameworks @loader_path/Frameworks";
				PRODUCT_BUNDLE_IDENTIFIER = nl.mprog.YahtzeeTests;
				PRODUCT_NAME = "$(TARGET_NAME)";
				TEST_HOST = "$(BUILT_PRODUCTS_DIR)/Yahtzee.app/Yahtzee";
			};
			name = Debug;
		};
		F7DE189B1BE250FE00C9B129 /* Release */ = {
			isa = XCBuildConfiguration;
			buildSettings = {
				BUNDLE_LOADER = "$(TEST_HOST)";
				INFOPLIST_FILE = YahtzeeTests/Info.plist;
				LD_RUNPATH_SEARCH_PATHS = "$(inherited) @executable_path/Frameworks @loader_path/Frameworks";
				PRODUCT_BUNDLE_IDENTIFIER = nl.mprog.YahtzeeTests;
				PRODUCT_NAME = "$(TARGET_NAME)";
				TEST_HOST = "$(BUILT_PRODUCTS_DIR)/Yahtzee.app/Yahtzee";
			};
			name = Release;
		};
		F7DE189D1BE250FE00C9B129 /* Debug */ = {
			isa = XCBuildConfiguration;
			buildSettings = {
				INFOPLIST_FILE = YahtzeeUITests/Info.plist;
				LD_RUNPATH_SEARCH_PATHS = "$(inherited) @executable_path/Frameworks @loader_path/Frameworks";
				PRODUCT_BUNDLE_IDENTIFIER = nl.mprog.YahtzeeUITests;
				PRODUCT_NAME = "$(TARGET_NAME)";
				TEST_TARGET_NAME = Yahtzee;
				USES_XCTRUNNER = YES;
			};
			name = Debug;
		};
		F7DE189E1BE250FE00C9B129 /* Release */ = {
			isa = XCBuildConfiguration;
			buildSettings = {
				INFOPLIST_FILE = YahtzeeUITests/Info.plist;
				LD_RUNPATH_SEARCH_PATHS = "$(inherited) @executable_path/Frameworks @loader_path/Frameworks";
				PRODUCT_BUNDLE_IDENTIFIER = nl.mprog.YahtzeeUITests;
				PRODUCT_NAME = "$(TARGET_NAME)";
				TEST_TARGET_NAME = Yahtzee;
				USES_XCTRUNNER = YES;
			};
			name = Release;
		};
/* End XCBuildConfiguration section */

/* Begin XCConfigurationList section */
		F7DE18691BE250FE00C9B129 /* Build configuration list for PBXProject "Yahtzee" */ = {
			isa = XCConfigurationList;
			buildConfigurations = (
				F7DE18941BE250FE00C9B129 /* Debug */,
				F7DE18951BE250FE00C9B129 /* Release */,
			);
			defaultConfigurationIsVisible = 0;
			defaultConfigurationName = Release;
		};
		F7DE18961BE250FE00C9B129 /* Build configuration list for PBXNativeTarget "Yahtzee" */ = {
			isa = XCConfigurationList;
			buildConfigurations = (
				F7DE18971BE250FE00C9B129 /* Debug */,
				F7DE18981BE250FE00C9B129 /* Release */,
			);
			defaultConfigurationIsVisible = 0;
			defaultConfigurationName = Release;
		};
		F7DE18991BE250FE00C9B129 /* Build configuration list for PBXNativeTarget "YahtzeeTests" */ = {
			isa = XCConfigurationList;
			buildConfigurations = (
				F7DE189A1BE250FE00C9B129 /* Debug */,
				F7DE189B1BE250FE00C9B129 /* Release */,
			);
			defaultConfigurationIsVisible = 0;
			defaultConfigurationName = Release;
		};
		F7DE189C1BE250FE00C9B129 /* Build configuration list for PBXNativeTarget "YahtzeeUITests" */ = {
			isa = XCConfigurationList;
			buildConfigurations = (
				F7DE189D1BE250FE00C9B129 /* Debug */,
				F7DE189E1BE250FE00C9B129 /* Release */,
			);
			defaultConfigurationIsVisible = 0;
			defaultConfigurationName = Release;
		};
/* End XCConfigurationList section */
	};
	rootObject = F7DE18661BE250FE00C9B129 /* Project object */;
}
